{
  "name": "@lucafly/anim",
  "version": "1.0.0",
  "lockfileVersion": 2,
  "requires": true,
  "packages": {
    "": {
      "name": "@lucafly/anim",
      "version": "1.0.0",
      "license": "ISC",
      "devDependencies": {
        "babylonjs": "^7.40.3",
        "typescript": "^5.7.2"
      },
      "peerDependencies": {
        "babylonjs": "^7.40.3"
      }
    },
    "node_modules/babylonjs": {
      "version": "7.40.3",
      "resolved": "https://registry.npmjs.org/babylonjs/-/babylonjs-7.40.3.tgz",
      "integrity": "sha512-YFEqjqf+7L0T2wfRCMUpneJo8wmo4MwxpQo30n6gXVKOjn8TzPLUpQppLktZnsY7UJ6ije/p46aYua4yHlO32Q==",
      "dev": true,
      "hasInstallScript": true
    },
    "node_modules/typescript": {
      "version": "5.7.2",
      "resolved": "https://registry.npmjs.org/typescript/-/typescript-5.7.2.tgz",
      "integrity": "sha512-i5t66RHxDvVN40HfDd1PsEThGNnlMCMT3jMUuoh9/0TaqWevNontacunWyN02LA9/fIbEWlcHZcgTKb9QoaLfg==",
      "dev": true,
      "bin": {
        "tsc": "bin/tsc",
        "tsserver": "bin/tsserver"
      },
      "engines": {
        "node": ">=14.17"
      }
    }
  },
  "dependencies": {
    "babylonjs": {
      "version": "7.40.3",
      "resolved": "https://registry.npmjs.org/babylonjs/-/babylonjs-7.40.3.tgz",
      "integrity": "sha512-YFEqjqf+7L0T2wfRCMUpneJo8wmo4MwxpQo30n6gXVKOjn8TzPLUpQppLktZnsY7UJ6ije/p46aYua4yHlO32Q==",
      "dev": true
    },
    "typescript": {
      "version": "5.7.2",
      "resolved": "https://registry.npmjs.org/typescript/-/typescript-5.7.2.tgz",
      "integrity": "sha512-i5t66RHxDvVN40HfDd1PsEThGNnlMCMT3jMUuoh9/0TaqWevNontacunWyN02LA9/fIbEWlcHZcgTKb9QoaLfg==",
      "dev": true
    }
  }
}
